
Microsoft Visual Studio Solution File, Format Version 12.00
# Visual Studio Version 16
VisualStudioVersion = 16.0.31129.286
MinimumVisualStudioVersion = 10.0.40219.1
Project("{9A19103F-16F7-4668-BE54-9A1E7A4F7556}") = "banco", "cuenta\banco.csproj", "{BF3235DD-12E5-4363-A26C-152046694540}"
EndProject
Global
	GlobalSection(SolutionConfigurationPlatforms) = preSolution
		Debug|Any CPU = Debug|Any CPU
		Release|Any CPU = Release|Any CPU
	EndGlobalSection
	GlobalSection(ProjectConfigurationPlatforms) = postSolution
		{BF3235DD-12E5-4363-A26C-152046694540}.Debug|Any CPU.ActiveCfg = Debug|Any CPU
		{BF3235DD-12E5-4363-A26C-152046694540}.Debug|Any CPU.Build.0 = Debug|Any CPU
		{BF3235DD-12E5-4363-A26C-152046694540}.Release|Any CPU.ActiveCfg = Release|Any CPU
		{BF3235DD-12E5-4363-A26C-152046694540}.Release|Any CPU.Build.0 = Release|Any CPU
	EndGlobalSection
	GlobalSection(SolutionProperties) = preSolution
		HideSolutionNode = FALSE
	EndGlobalSection
	GlobalSection(ExtensibilityGlobals) = postSolution
		SolutionGuid = {6BCCBCFB-9EF0-4B85-BA5A-EE72288D54F4}
	EndGlobalSection
EndGlobal
